{
  "lockfileVersion": 1,
  "workspaces": {
    "": {
      "name": "cultify",
      "dependencies": {
        "co": "^4.6.0",
        "dotenv": "^17.2.3",
      },
    },
  },
  "packages": {
    "co": ["co@4.6.0", "", {}, "sha512-QVb0dM5HvG+uaxitm8wONl7jltx8dqhfU33DcqtOZcLSVIKSDDLDi7+0LbAKiyI8hD9u42m2YxXSkMGWThaecQ=="],

    "dotenv": ["dotenv@17.2.3", "", {}, "sha512-JVUnt+DUIzu87TABbhPmNfVdBDt18BLOWjMUFJMSi/Qqg7NTYtabbvSNJGOJ7afbRuv9D/lngizHtP7QyLQ+9w=="],
  }
}
